{
  "name": "ohoTips",
  "version": "1.0.0",
  "lockfileVersion": 1,
  "requires": true,
  "dependencies": {
    "@discoveryjs/json-ext": {
      "version": "0.5.5",
      "resolved": "https://registry.nlark.com/@discoveryjs/json-ext/download/@discoveryjs/json-ext-0.5.5.tgz",
      "integrity": "sha1-koPJzlsomjxPYcEnV0aeWTd/gfM=",
      "dev": true
    },
    "@types/eslint": {
      "version": "7.28.1",
      "resolved": "https://registry.npmmirror.com/@types/eslint/download/@types/eslint-7.28.1.tgz",
      "integrity": "sha1-ULB3R/H4TCuozTlM8P4LoHr84yA=",
      "dev": true,
      "requires": {
        "@types/estree": "*",
        "@types/json-schema": "*"
      }
    },
    "@types/eslint-scope": {
      "version": "3.7.1",
      "resolved": "https://registry.nlark.com/@types/eslint-scope/download/@types/eslint-scope-3.7.1.tgz?cache=0&other_urls=https%3A%2F%2Fregistry.nlark.com%2F%40types%2Feslint-scope%2Fdownload%2F%40types%2Feslint-scope-3.7.1.tgz",
      "integrity": "sha1-jcOQp7T53Z8ShGKe/OmC5BYSEW4=",
      "dev": true,
      "requires": {
        "@types/eslint": "*",
        "@types/estree": "*"
      }
    },
    "@types/estree": {
      "version": "0.0.50",
      "resolved": "https://registry.nlark.com/@types/estree/download/@types/estree-0.0.50.tgz?cache=0&sync_timestamp=1629707624966&other_urls=https%3A%2F%2Fregistry.nlark.com%2F%40types%2Festree%2Fdownload%2F%40types%2Festree-0.0.50.tgz",
      "integrity": "sha1-Hgyqk2TT/M0pMcPtlv2+ql1MyoM=",
      "dev": true
    },
    "@types/json-schema": {
      "version": "7.0.9",
      "resolved": "https://registry.nlark.com/@types/json-schema/download/@types/json-schema-7.0.9.tgz?cache=0&sync_timestamp=1629708116786&other_urls=https%3A%2F%2Fregistry.nlark.com%2F%40types%2Fjson-schema%2Fdownload%2F%40types%2Fjson-schema-7.0.9.tgz",
      "integrity": "sha1-l+3JA36gw4WFMgsolk3eOznkZg0=",
      "dev": true
    },
    "@types/node": {
      "version": "16.11.1",
      "resolved": "https://registry.npmmirror.com/@types/node/download/@types/node-16.11.1.tgz?cache=0&sync_timestamp=1634443508532&other_urls=https%3A%2F%2Fregistry.npmmirror.com%2F%40types%2Fnode%2Fdownload%2F%40types%2Fnode-16.11.1.tgz",
      "integrity": "sha1-LlCmSaUPxANDOhT4Ke+s4aNEPpc=",
      "dev": true
    },
    "@webassemblyjs/ast": {
      "version": "1.11.1",
      "resolved": "https://registry.nlark.com/@webassemblyjs/ast/download/@webassemblyjs/ast-1.11.1.tgz?cache=0&sync_timestamp=1625473466238&other_urls=https%3A%2F%2Fregistry.nlark.com%2F%40webassemblyjs%2Fast%2Fdownload%2F%40webassemblyjs%2Fast-1.11.1.tgz",
      "integrity": "sha1-K/12fq4aaZb0Mv9+jX/HVnnAtqc=",
      "dev": true,
      "requires": {
        "@webassemblyjs/helper-numbers": "1.11.1",
        "@webassemblyjs/helper-wasm-bytecode": "1.11.1"
      }
    },
    "@webassemblyjs/floating-point-hex-parser": {
      "version": "1.11.1",
      "resolved": "https://registry.nlark.com/@webassemblyjs/floating-point-hex-parser/download/@webassemblyjs/floating-point-hex-parser-1.11.1.tgz?cache=0&sync_timestamp=1625473463638&other_urls=https%3A%2F%2Fregistry.nlark.com%2F%40webassemblyjs%2Ffloating-point-hex-parser%2Fdownload%2F%40webassemblyjs%2Ffloating-point-hex-parser-1.11.1.tgz",
      "integrity": "sha1-9sYacF8P16auyqToGY8j2dwXnk8=",
      "dev": true
    },
    "@webassemblyjs/helper-api-error": {
      "version": "1.11.1",
      "resolved": "https://registry.nlark.com/@webassemblyjs/helper-api-error/download/@webassemblyjs/helper-api-error-1.11.1.tgz",
      "integrity": "sha1-GmMZLYeI5cASgAump6RscFKI/RY=",
      "dev": true
    },
    "@webassemblyjs/helper-buffer": {
      "version": "1.11.1",
      "resolved": "https://registry.nlark.com/@webassemblyjs/helper-buffer/download/@webassemblyjs/helper-buffer-1.11.1.tgz",
      "integrity": "sha1-gyqQDrREiEzemnytRn+BUA9eWrU=",
      "dev": true
    },
    "@webassemblyjs/helper-numbers": {
      "version": "1.11.1",
      "resolved": "https://registry.nlark.com/@webassemblyjs/helper-numbers/download/@webassemblyjs/helper-numbers-1.11.1.tgz?cache=0&sync_timestamp=1625473464260&other_urls=https%3A%2F%2Fregistry.nlark.com%2F%40webassemblyjs%2Fhelper-numbers%2Fdownload%2F%40webassemblyjs%2Fhelper-numbers-1.11.1.tgz",
      "integrity": "sha1-ZNgdohn7u6HjvRv8dPboxOEKYq4=",
      "dev": true,
      "requires": {
        "@webassemblyjs/floating-point-hex-parser": "1.11.1",
        "@webassemblyjs/helper-api-error": "1.11.1",
        "@xtuc/long": "4.2.2"
      }
    },
    "@webassemblyjs/helper-wasm-bytecode": {
      "version": "1.11.1",
      "resolved": "https://registry.nlark.com/@webassemblyjs/helper-wasm-bytecode/download/@webassemblyjs/helper-wasm-bytecode-1.11.1.tgz?cache=0&sync_timestamp=1625473463016&other_urls=https%3A%2F%2Fregistry.nlark.com%2F%40webassemblyjs%2Fhelper-wasm-bytecode%2Fdownload%2F%40webassemblyjs%2Fhelper-wasm-bytecode-1.11.1.tgz",
      "integrity": "sha1-8ygkHkHnsZnQsgwY6IQpxEMyleE=",
      "dev": true
    },
    "@webassemblyjs/helper-wasm-section": {
      "version": "1.11.1",
      "resolved": "https://registry.nlark.com/@webassemblyjs/helper-wasm-section/download/@webassemblyjs/helper-wasm-section-1.11.1.tgz",
      "integrity": "sha1-Ie4GWntjXzGec48N1zv72igcCXo=",
      "dev": true,
      "requires": {
        "@webassemblyjs/ast": "1.11.1",
        "@webassemblyjs/helper-buffer": "1.11.1",
        "@webassemblyjs/helper-wasm-bytecode": "1.11.1",
        "@webassemblyjs/wasm-gen": "1.11.1"
      }
    },
    "@webassemblyjs/ieee754": {
      "version": "1.11.1",
      "resolved": "https://registry.nlark.com/@webassemblyjs/ieee754/download/@webassemblyjs/ieee754-1.11.1.tgz",
      "integrity": "sha1-ljkp6bvQVwnn4SJDoJkYCBKZJhQ=",
      "dev": true,
      "requires": {
        "@xtuc/ieee754": "^1.2.0"
      }
    },
    "@webassemblyjs/leb128": {
      "version": "1.11.1",
      "resolved": "https://registry.nlark.com/@webassemblyjs/leb128/download/@webassemblyjs/leb128-1.11.1.tgz",
      "integrity": "sha1-zoFLRVdOk9drrh+yZEq5zdlSeqU=",
      "dev": true,
      "requires": {
        "@xtuc/long": "4.2.2"
      }
    },
    "@webassemblyjs/utf8": {
      "version": "1.11.1",
      "resolved": "https://registry.nlark.com/@webassemblyjs/utf8/download/@webassemblyjs/utf8-1.11.1.tgz",
      "integrity": "sha1-0fi3ZDaefG5rrjUOhU3smlnwo/8=",
      "dev": true
    },
    "@webassemblyjs/wasm-edit": {
      "version": "1.11.1",
      "resolved": "https://registry.nlark.com/@webassemblyjs/wasm-edit/download/@webassemblyjs/wasm-edit-1.11.1.tgz?cache=0&sync_timestamp=1625473468202&other_urls=https%3A%2F%2Fregistry.nlark.com%2F%40webassemblyjs%2Fwasm-edit%2Fdownload%2F%40webassemblyjs%2Fwasm-edit-1.11.1.tgz",
      "integrity": "sha1-rSBuv0v5WgWM6YgKjAksXeyBk9Y=",
      "dev": true,
      "requires": {
        "@webassemblyjs/ast": "1.11.1",
        "@webassemblyjs/helper-buffer": "1.11.1",
        "@webassemblyjs/helper-wasm-bytecode": "1.11.1",
        "@webassemblyjs/helper-wasm-section": "1.11.1",
        "@webassemblyjs/wasm-gen": "1.11.1",
        "@webassemblyjs/wasm-opt": "1.11.1",
        "@webassemblyjs/wasm-parser": "1.11.1",
        "@webassemblyjs/wast-printer": "1.11.1"
      }
    },
    "@webassemblyjs/wasm-gen": {
      "version": "1.11.1",
      "resolved": "https://registry.nlark.com/@webassemblyjs/wasm-gen/download/@webassemblyjs/wasm-gen-1.11.1.tgz?cache=0&sync_timestamp=1625473361759&other_urls=https%3A%2F%2Fregistry.nlark.com%2F%40webassemblyjs%2Fwasm-gen%2Fdownload%2F%40webassemblyjs%2Fwasm-gen-1.11.1.tgz",
      "integrity": "sha1-hsXqMEhJdZt9iMR6MvTwOa48j3Y=",
      "dev": true,
      "requires": {
        "@webassemblyjs/ast": "1.11.1",
        "@webassemblyjs/helper-wasm-bytecode": "1.11.1",
        "@webassemblyjs/ieee754": "1.11.1",
        "@webassemblyjs/leb128": "1.11.1",
        "@webassemblyjs/utf8": "1.11.1"
      }
    },
    "@webassemblyjs/wasm-opt": {
      "version": "1.11.1",
      "resolved": "https://registry.nlark.com/@webassemblyjs/wasm-opt/download/@webassemblyjs/wasm-opt-1.11.1.tgz",
      "integrity": "sha1-ZXtMIgL0zzs0X4pMZGHIwkGJhfI=",
      "dev": true,
      "requires": {
        "@webassemblyjs/ast": "1.11.1",
        "@webassemblyjs/helper-buffer": "1.11.1",
        "@webassemblyjs/wasm-gen": "1.11.1",
        "@webassemblyjs/wasm-parser": "1.11.1"
      }
    },
    "@webassemblyjs/wasm-parser": {
      "version": "1.11.1",
      "resolved": "https://registry.nlark.com/@webassemblyjs/wasm-parser/download/@webassemblyjs/wasm-parser-1.11.1.tgz?cache=0&sync_timestamp=1625473464593&other_urls=https%3A%2F%2Fregistry.nlark.com%2F%40webassemblyjs%2Fwasm-parser%2Fdownload%2F%40webassemblyjs%2Fwasm-parser-1.11.1.tgz",
      "integrity": "sha1-hspzRTT0F+m9PGfHocddi+QfsZk=",
      "dev": true,
      "requires": {
        "@webassemblyjs/ast": "1.11.1",
        "@webassemblyjs/helper-api-error": "1.11.1",
        "@webassemblyjs/helper-wasm-bytecode": "1.11.1",
        "@webassemblyjs/ieee754": "1.11.1",
        "@webassemblyjs/leb128": "1.11.1",
        "@webassemblyjs/utf8": "1.11.1"
      }
    },
    "@webassemblyjs/wast-printer": {
      "version": "1.11.1",
      "resolved": "https://registry.nlark.com/@webassemblyjs/wast-printer/download/@webassemblyjs/wast-printer-1.11.1.tgz",
      "integrity": "sha1-0Mc77ajuxUJvEK6O9VzuXnCEwvA=",
      "dev": true,
      "requires": {
        "@webassemblyjs/ast": "1.11.1",
        "@xtuc/long": "4.2.2"
      }
    },
    "@webpack-cli/configtest": {
      "version": "1.1.0",
      "resolved": "https://registry.npmmirror.com/@webpack-cli/configtest/download/@webpack-cli/configtest-1.1.0.tgz?cache=0&sync_timestamp=1633553239176&other_urls=https%3A%2F%2Fregistry.npmmirror.com%2F%40webpack-cli%2Fconfigtest%2Fdownload%2F%40webpack-cli%2Fconfigtest-1.1.0.tgz",
      "integrity": "sha1-g0K+8Lrft9/TtXbyV0q4DHJb4EM=",
      "dev": true
    },
    "@webpack-cli/info": {
      "version": "1.4.0",
      "resolved": "https://registry.npmmirror.com/@webpack-cli/info/download/@webpack-cli/info-1.4.0.tgz?cache=0&sync_timestamp=1633553269200&other_urls=https%3A%2F%2Fregistry.npmmirror.com%2F%40webpack-cli%2Finfo%2Fdownload%2F%40webpack-cli%2Finfo-1.4.0.tgz",
      "integrity": "sha1-uRecMierCcu7FJqnM0dfz5lDAiM=",
      "dev": true,
      "requires": {
        "envinfo": "^7.7.3"
      }
    },
    "@webpack-cli/serve": {
      "version": "1.6.0",
      "resolved": "https://registry.npmmirror.com/@webpack-cli/serve/download/@webpack-cli/serve-1.6.0.tgz?cache=0&sync_timestamp=1633553365700&other_urls=https%3A%2F%2Fregistry.npmmirror.com%2F%40webpack-cli%2Fserve%2Fdownload%2F%40webpack-cli%2Fserve-1.6.0.tgz",
      "integrity": "sha1-LCdaoFyJXszrv8NM+yI8bovVkaI=",
      "dev": true
    },
    "@xtuc/ieee754": {
      "version": "1.2.0",
      "resolved": "https://registry.nlark.com/@xtuc/ieee754/download/@xtuc/ieee754-1.2.0.tgz",
      "integrity": "sha1-7vAUoxRa5Hehy8AM0eVSM23Ot5A=",
      "dev": true
    },
    "@xtuc/long": {
      "version": "4.2.2",
      "resolved": "https://registry.nlark.com/@xtuc/long/download/@xtuc/long-4.2.2.tgz",
      "integrity": "sha1-0pHGpOl5ibXGHZrPOWrk/hM6cY0=",
      "dev": true
    },
    "acorn": {
      "version": "8.5.0",
      "resolved": "https://registry.nlark.com/acorn/download/acorn-8.5.0.tgz",
      "integrity": "sha1-RRLMuZs2mMdSWR6btEcuOK1DzuI=",
      "dev": true
    },
    "acorn-import-assertions": {
      "version": "1.8.0",
      "resolved": "https://registry.npmmirror.com/acorn-import-assertions/download/acorn-import-assertions-1.8.0.tgz?cache=0&sync_timestamp=1633349370678&other_urls=https%3A%2F%2Fregistry.npmmirror.com%2Facorn-import-assertions%2Fdownload%2Facorn-import-assertions-1.8.0.tgz",
      "integrity": "sha1-uitZOc5iwjjbbZPYHJsRGym4Vek=",
      "dev": true
    },
    "ajv": {
      "version": "6.12.6",
      "resolved": "https://registry.nlark.com/ajv/download/ajv-6.12.6.tgz?cache=0&sync_timestamp=1631470912358&other_urls=https%3A%2F%2Fregistry.nlark.com%2Fajv%2Fdownload%2Fajv-6.12.6.tgz",
      "integrity": "sha1-uvWmLoArB9l3A0WG+MO69a3ybfQ=",
      "dev": true,
      "requires": {
        "fast-deep-equal": "^3.1.1",
        "fast-json-stable-stringify": "^2.0.0",
        "json-schema-traverse": "^0.4.1",
        "uri-js": "^4.2.2"
      }
    },
    "ajv-keywords": {
      "version": "3.5.2",
      "resolved": "https://registry.nlark.com/ajv-keywords/download/ajv-keywords-3.5.2.tgz",
      "integrity": "sha1-MfKdpatuANHC0yms97WSlhTVAU0=",
      "dev": true
    },
    "browserslist": {
      "version": "4.17.4",
      "resolved": "https://registry.npmmirror.com/browserslist/download/browserslist-4.17.4.tgz",
      "integrity": "sha1-cuJQivKkA67ApJhH7zG9gjxX6tQ=",
      "dev": true,
      "requires": {
        "caniuse-lite": "^1.0.30001265",
        "electron-to-chromium": "^1.3.867",
        "escalade": "^3.1.1",
        "node-releases": "^2.0.0",
        "picocolors": "^1.0.0"
      }
    },
    "buffer-from": {
      "version": "1.1.2",
      "resolved": "https://registry.nlark.com/buffer-from/download/buffer-from-1.1.2.tgz",
      "integrity": "sha1-KxRqb9cugLT1XSVfNe1Zo6mkG9U=",
      "dev": true
    },
    "caniuse-lite": {
      "version": "1.0.30001269",
      "resolved": "https://registry.npmmirror.com/caniuse-lite/download/caniuse-lite-1.0.30001269.tgz",
      "integrity": "sha1-OnG+4D32JzZEGPn9Ma38eqHMLVY=",
      "dev": true
    },
    "chrome-trace-event": {
      "version": "1.0.3",
      "resolved": "https://registry.nlark.com/chrome-trace-event/download/chrome-trace-event-1.0.3.tgz",
      "integrity": "sha1-EBXs7UdB4V0GZkqVfbv1DQQeJqw=",
      "dev": true
    },
    "clone-deep": {
      "version": "4.0.1",
      "resolved": "https://registry.npm.taobao.org/clone-deep/download/clone-deep-4.0.1.tgz",
      "integrity": "sha1-wZ/Zvbv4WUK0/ZechNz31fB8I4c=",
      "dev": true,
      "requires": {
        "is-plain-object": "^2.0.4",
        "kind-of": "^6.0.2",
        "shallow-clone": "^3.0.0"
      }
    },
    "colorette": {
      "version": "2.0.16",
      "resolved": "https://registry.npmmirror.com/colorette/download/colorette-2.0.16.tgz",
      "integrity": "sha1-cTua+E/bAAE58EVGvUqT9ipQhdo=",
      "dev": true
    },
    "commander": {
      "version": "2.20.3",
      "resolved": "https://registry.nlark.com/commander/download/commander-2.20.3.tgz",
      "integrity": "sha1-/UhehMA+tIgcIHIrpIA16FMa6zM=",
      "dev": true
    },
    "cross-spawn": {
      "version": "7.0.3",
      "resolved": "https://registry.nlark.com/cross-spawn/download/cross-spawn-7.0.3.tgz",
      "integrity": "sha1-9zqFudXUHQRVUcF34ogtSshXKKY=",
      "dev": true,
      "requires": {
        "path-key": "^3.1.0",
        "shebang-command": "^2.0.0",
        "which": "^2.0.1"
      }
    },
    "electron-to-chromium": {
      "version": "1.3.873",
      "resolved": "https://registry.npmmirror.com/electron-to-chromium/download/electron-to-chromium-1.3.873.tgz",
      "integrity": "sha1-wjjJGZ5JUZUv6BWmXBvqtdtIJrg=",
      "dev": true
    },
    "enhanced-resolve": {
      "version": "5.8.3",
      "resolved": "https://registry.nlark.com/enhanced-resolve/download/enhanced-resolve-5.8.3.tgz?cache=0&sync_timestamp=1632130840337&other_urls=https%3A%2F%2Fregistry.nlark.com%2Fenhanced-resolve%2Fdownload%2Fenhanced-resolve-5.8.3.tgz",
      "integrity": "sha1-bVUtRlzOBCP1s9cYUR6lOCansvA=",
      "dev": true,
      "requires": {
        "graceful-fs": "^4.2.4",
        "tapable": "^2.2.0"
      }
    },
    "envinfo": {
      "version": "7.8.1",
      "resolved": "https://registry.npm.taobao.org/envinfo/download/envinfo-7.8.1.tgz?cache=0&other_urls=https%3A%2F%2Fregistry.npm.taobao.org%2Fenvinfo%2Fdownload%2Fenvinfo-7.8.1.tgz",
      "integrity": "sha1-Bjd+Pl9NN5/qesWS1a2JJ+DE1HU=",
      "dev": true
    },
    "es-module-lexer": {
      "version": "0.9.3",
      "resolved": "https://registry.npmmirror.com/es-module-lexer/download/es-module-lexer-0.9.3.tgz?cache=0&sync_timestamp=1633649003753&other_urls=https%3A%2F%2Fregistry.npmmirror.com%2Fes-module-lexer%2Fdownload%2Fes-module-lexer-0.9.3.tgz",
      "integrity": "sha1-bxPbAMw4QXE32vdDZvU1yOtDjxk=",
      "dev": true
    },
    "escalade": {
      "version": "3.1.1",
      "resolved": "https://registry.nlark.com/escalade/download/escalade-3.1.1.tgz",
      "integrity": "sha1-2M/ccACWXFoBdLSoLqpcBVJ0LkA=",
      "dev": true
    },
    "eslint-scope": {
      "version": "5.1.1",
      "resolved": "https://registry.nlark.com/eslint-scope/download/eslint-scope-5.1.1.tgz",
      "integrity": "sha1-54blmmbLkrP2wfsNUIqrF0hI9Iw=",
      "dev": true,
      "requires": {
        "esrecurse": "^4.3.0",
        "estraverse": "^4.1.1"
      }
    },
    "esrecurse": {
      "version": "4.3.0",
      "resolved": "https://registry.npm.taobao.org/esrecurse/download/esrecurse-4.3.0.tgz",
      "integrity": "sha1-eteWTWeauyi+5yzsY3WLHF0smSE=",
      "dev": true,
      "requires": {
        "estraverse": "^5.2.0"
      },
      "dependencies": {
        "estraverse": {
          "version": "5.2.0",
          "resolved": "https://registry.npm.taobao.org/estraverse/download/estraverse-5.2.0.tgz",
          "integrity": "sha1-MH30JUfmzHMk088DwVXVzbjFOIA=",
          "dev": true
        }
      }
    },
    "estraverse": {
      "version": "4.3.0",
      "resolved": "https://registry.npm.taobao.org/estraverse/download/estraverse-4.3.0.tgz",
      "integrity": "sha1-OYrT88WiSUi+dyXoPRGn3ijNvR0=",
      "dev": true
    },
    "events": {
      "version": "3.3.0",
      "resolved": "https://registry.npm.taobao.org/events/download/events-3.3.0.tgz",
      "integrity": "sha1-Mala0Kkk4tLEGagTrrLE6HjqdAA=",
      "dev": true
    },
    "execa": {
      "version": "5.1.1",
      "resolved": "https://registry.nlark.com/execa/download/execa-5.1.1.tgz?cache=0&sync_timestamp=1622825396605&other_urls=https%3A%2F%2Fregistry.nlark.com%2Fexeca%2Fdownload%2Fexeca-5.1.1.tgz",
      "integrity": "sha1-+ArZy/Qpj3vR1MlVXCHpN0HEEd0=",
      "dev": true,
      "requires": {
        "cross-spawn": "^7.0.3",
        "get-stream": "^6.0.0",
        "human-signals": "^2.1.0",
        "is-stream": "^2.0.0",
        "merge-stream": "^2.0.0",
        "npm-run-path": "^4.0.1",
        "onetime": "^5.1.2",
        "signal-exit": "^3.0.3",
        "strip-final-newline": "^2.0.0"
      }
    },
    "fast-deep-equal": {
      "version": "3.1.3",
      "resolved": "https://registry.nlark.com/fast-deep-equal/download/fast-deep-equal-3.1.3.tgz",
      "integrity": "sha1-On1WtVnWy8PrUSMlJE5hmmXGxSU=",
      "dev": true
    },
    "fast-json-stable-stringify": {
      "version": "2.1.0",
      "resolved": "https://registry.npm.taobao.org/fast-json-stable-stringify/download/fast-json-stable-stringify-2.1.0.tgz",
      "integrity": "sha1-h0v2nG9ATCtdmcSBNBOZ/VWJJjM=",
      "dev": true
    },
    "fastest-levenshtein": {
      "version": "1.0.12",
      "resolved": "https://registry.npm.taobao.org/fastest-levenshtein/download/fastest-levenshtein-1.0.12.tgz",
      "integrity": "sha1-mZD306iMxan/0fF0V0UlFwDUl+I=",
      "dev": true
    },
    "find-up": {
      "version": "4.1.0",
      "resolved": "https://registry.npmmirror.com/find-up/download/find-up-4.1.0.tgz",
      "integrity": "sha1-l6/n1s3AvFkoWEt8jXsW6KmqXRk=",
      "dev": true,
      "requires": {
        "locate-path": "^5.0.0",
        "path-exists": "^4.0.0"
      }
    },
    "function-bind": {
      "version": "1.1.1",
      "resolved": "https://registry.nlark.com/function-bind/download/function-bind-1.1.1.tgz",
      "integrity": "sha1-pWiZ0+o8m6uHS7l3O3xe3pL0iV0=",
      "dev": true
    },
    "get-stream": {
      "version": "6.0.1",
      "resolved": "https://registry.nlark.com/get-stream/download/get-stream-6.0.1.tgz",
      "integrity": "sha1-omLY7vZ6ztV8KFKtYWdSakPL97c=",
      "dev": true
    },
    "glob-to-regexp": {
      "version": "0.4.1",
      "resolved": "https://registry.nlark.com/glob-to-regexp/download/glob-to-regexp-0.4.1.tgz",
      "integrity": "sha1-x1KXCHyFG5pXi9IX3VmpL1n+VG4=",
      "dev": true
    },
    "graceful-fs": {
      "version": "4.2.8",
      "resolved": "https://registry.nlark.com/graceful-fs/download/graceful-fs-4.2.8.tgz?cache=0&sync_timestamp=1628194078324&other_urls=https%3A%2F%2Fregistry.nlark.com%2Fgraceful-fs%2Fdownload%2Fgraceful-fs-4.2.8.tgz",
      "integrity": "sha1-5BK40z9eAGWTy9PO5t+fLOu+gCo=",
      "dev": true
    },
    "has": {
      "version": "1.0.3",
      "resolved": "https://registry.npm.taobao.org/has/download/has-1.0.3.tgz",
      "integrity": "sha1-ci18v8H2qoJB8W3YFOAR4fQeh5Y=",
      "dev": true,
      "requires": {
        "function-bind": "^1.1.1"
      }
    },
    "has-flag": {
      "version": "4.0.0",
      "resolved": "https://registry.nlark.com/has-flag/download/has-flag-4.0.0.tgz",
      "integrity": "sha1-lEdx/ZyByBJlxNaUGGDaBrtZR5s=",
      "dev": true
    },
    "human-signals": {
      "version": "2.1.0",
      "resolved": "https://registry.nlark.com/human-signals/download/human-signals-2.1.0.tgz?cache=0&sync_timestamp=1624364695595&other_urls=https%3A%2F%2Fregistry.nlark.com%2Fhuman-signals%2Fdownload%2Fhuman-signals-2.1.0.tgz",
      "integrity": "sha1-3JH8ukLk0G5Kuu0zs+ejwC9RTqA=",
      "dev": true
    },
    "import-local": {
      "version": "3.0.3",
      "resolved": "https://registry.npmmirror.com/import-local/download/import-local-3.0.3.tgz",
      "integrity": "sha1-TVHCxJXKk5PaJZ7Ga2LgIpICEeA=",
      "dev": true,
      "requires": {
        "pkg-dir": "^4.2.0",
        "resolve-cwd": "^3.0.0"
      }
    },
    "interpret": {
      "version": "2.2.0",
      "resolved": "https://registry.nlark.com/interpret/download/interpret-2.2.0.tgz",
      "integrity": "sha1-GnigtZZcQKVBbQB61vUK0nxBffk=",
      "dev": true
    },
    "is-core-module": {
      "version": "2.8.0",
      "resolved": "https://registry.npmmirror.com/is-core-module/download/is-core-module-2.8.0.tgz?cache=0&sync_timestamp=1634236731601&other_urls=https%3A%2F%2Fregistry.npmmirror.com%2Fis-core-module%2Fdownload%2Fis-core-module-2.8.0.tgz",
      "integrity": "sha1-AyEzbD0JJeSX/Zf12VyxFKXM1Ug=",
      "dev": true,
      "requires": {
        "has": "^1.0.3"
      }
    },
    "is-plain-object": {
      "version": "2.0.4",
      "resolved": "https://registry.npm.taobao.org/is-plain-object/download/is-plain-object-2.0.4.tgz",
      "integrity": "sha1-LBY7P6+xtgbZ0Xko8FwqHDjgdnc=",
      "dev": true,
      "requires": {
        "isobject": "^3.0.1"
      }
    },
    "is-stream": {
      "version": "2.0.1",
      "resolved": "https://registry.nlark.com/is-stream/download/is-stream-2.0.1.tgz",
      "integrity": "sha1-+sHj1TuXrVqdCunO8jifWBClwHc=",
      "dev": true
    },
    "isexe": {
      "version": "2.0.0",
      "resolved": "https://registry.nlark.com/isexe/download/isexe-2.0.0.tgz",
      "integrity": "sha1-6PvzdNxVb/iUehDcsFctYz8s+hA=",
      "dev": true
    },
    "isobject": {
      "version": "3.0.1",
      "resolved": "https://registry.npm.taobao.org/isobject/download/isobject-3.0.1.tgz",
      "integrity": "sha1-TkMekrEalzFjaqH5yNHMvP2reN8=",
      "dev": true
    },
    "jest-worker": {
      "version": "27.3.1",
      "resolved": "https://registry.npmmirror.com/jest-worker/download/jest-worker-27.3.1.tgz?cache=0&sync_timestamp=1634626737887&other_urls=https%3A%2F%2Fregistry.npmmirror.com%2Fjest-worker%2Fdownload%2Fjest-worker-27.3.1.tgz",
      "integrity": "sha1-De9/6uW4BCvjhHl5mut7X6ysJLI=",
      "dev": true,
      "requires": {
        "@types/node": "*",
        "merge-stream": "^2.0.0",
        "supports-color": "^8.0.0"
      }
    },
    "json-parse-better-errors": {
      "version": "1.0.2",
      "resolved": "https://registry.npm.taobao.org/json-parse-better-errors/download/json-parse-better-errors-1.0.2.tgz",
      "integrity": "sha1-u4Z8+zRQ5pEHwTHRxRS6s9yLyqk=",
      "dev": true
    },
    "json-schema-traverse": {
      "version": "0.4.1",
      "resolved": "https://registry.npm.taobao.org/json-schema-traverse/download/json-schema-traverse-0.4.1.tgz?cache=0&sync_timestamp=1607999852153&other_urls=https%3A%2F%2Fregistry.npm.taobao.org%2Fjson-schema-traverse%2Fdownload%2Fjson-schema-traverse-0.4.1.tgz",
      "integrity": "sha1-afaofZUTq4u4/mO9sJecRI5oRmA=",
      "dev": true
    },
    "kind-of": {
      "version": "6.0.3",
      "resolved": "https://registry.nlark.com/kind-of/download/kind-of-6.0.3.tgz",
      "integrity": "sha1-B8BQNKbDSfoG4k+jWqdttFgM5N0=",
      "dev": true
    },
    "loader-runner": {
      "version": "4.2.0",
      "resolved": "https://registry.npm.taobao.org/loader-runner/download/loader-runner-4.2.0.tgz",
      "integrity": "sha1-1wIjgNZtFMX7HUlriYZOvP1Hg4Q=",
      "dev": true
    },
    "locate-path": {
      "version": "5.0.0",
      "resolved": "https://registry.nlark.com/locate-path/download/locate-path-5.0.0.tgz?cache=0&sync_timestamp=1629895618224&other_urls=https%3A%2F%2Fregistry.nlark.com%2Flocate-path%2Fdownload%2Flocate-path-5.0.0.tgz",
      "integrity": "sha1-Gvujlq/WdqbUJQTQpno6frn2KqA=",
      "dev": true,
      "requires": {
        "p-locate": "^4.1.0"
      }
    },
    "merge-stream": {
      "version": "2.0.0",
      "resolved": "https://registry.nlark.com/merge-stream/download/merge-stream-2.0.0.tgz?cache=0&sync_timestamp=1622025345923&other_urls=https%3A%2F%2Fregistry.nlark.com%2Fmerge-stream%2Fdownload%2Fmerge-stream-2.0.0.tgz",
      "integrity": "sha1-UoI2KaFN0AyXcPtq1H3GMQ8sH2A=",
      "dev": true
    },
    "mime-db": {
      "version": "1.50.0",
      "resolved": "https://registry.nlark.com/mime-db/download/mime-db-1.50.0.tgz?cache=0&sync_timestamp=1631863129751&other_urls=https%3A%2F%2Fregistry.nlark.com%2Fmime-db%2Fdownload%2Fmime-db-1.50.0.tgz",
      "integrity": "sha1-q9SslOmNPA4YUBbGerRdX95AwR8=",
      "dev": true
    },
    "mime-types": {
      "version": "2.1.33",
      "resolved": "https://registry.npmmirror.com/mime-types/download/mime-types-2.1.33.tgz?cache=0&sync_timestamp=1633108207787&other_urls=https%3A%2F%2Fregistry.npmmirror.com%2Fmime-types%2Fdownload%2Fmime-types-2.1.33.tgz",
      "integrity": "sha1-H6EqkERy+v0GjkjZ6EAfdNP3Dts=",
      "dev": true,
      "requires": {
        "mime-db": "1.50.0"
      }
    },
    "mimic-fn": {
      "version": "2.1.0",
      "resolved": "https://registry.npm.taobao.org/mimic-fn/download/mimic-fn-2.1.0.tgz",
      "integrity": "sha1-ftLCzMyvhNP/y3pptXcR/CCDQBs=",
      "dev": true
    },
    "neo-async": {
      "version": "2.6.2",
      "resolved": "https://registry.npm.taobao.org/neo-async/download/neo-async-2.6.2.tgz",
      "integrity": "sha1-tKr7k+OustgXTKU88WOrfXMIMF8=",
      "dev": true
    },
    "node-releases": {
      "version": "2.0.0",
      "resolved": "https://registry.npmmirror.com/node-releases/download/node-releases-2.0.0.tgz",
      "integrity": "sha1-Z9x0kDEAp96wRAN7ii5fRTuwVAA=",
      "dev": true
    },
    "npm-run-path": {
      "version": "4.0.1",
      "resolved": "https://registry.npmmirror.com/npm-run-path/download/npm-run-path-4.0.1.tgz?cache=0&sync_timestamp=1633420566316&other_urls=https%3A%2F%2Fregistry.npmmirror.com%2Fnpm-run-path%2Fdownload%2Fnpm-run-path-4.0.1.tgz",
      "integrity": "sha1-t+zR5e1T2o43pV4cImnguX7XSOo=",
      "dev": true,
      "requires": {
        "path-key": "^3.0.0"
      }
    },
    "onetime": {
      "version": "5.1.2",
      "resolved": "https://registry.npm.taobao.org/onetime/download/onetime-5.1.2.tgz",
      "integrity": "sha1-0Oluu1awdHbfHdnEgG5SN5hcpF4=",
      "dev": true,
      "requires": {
        "mimic-fn": "^2.1.0"
      }
    },
    "p-limit": {
      "version": "3.1.0",
      "resolved": "https://registry.nlark.com/p-limit/download/p-limit-3.1.0.tgz?cache=0&sync_timestamp=1628812721654&other_urls=https%3A%2F%2Fregistry.nlark.com%2Fp-limit%2Fdownload%2Fp-limit-3.1.0.tgz",
      "integrity": "sha1-4drMvnjQ0TiMoYxk/qOOPlfjcGs=",
      "dev": true,
      "requires": {
        "yocto-queue": "^0.1.0"
      }
    },
    "p-locate": {
      "version": "4.1.0",
      "resolved": "https://registry.nlark.com/p-locate/download/p-locate-4.1.0.tgz?cache=0&sync_timestamp=1629892721671&other_urls=https%3A%2F%2Fregistry.nlark.com%2Fp-locate%2Fdownload%2Fp-locate-4.1.0.tgz",
      "integrity": "sha1-o0KLtwiLOmApL2aRkni3wpetTwc=",
      "dev": true,
      "requires": {
        "p-limit": "^2.2.0"
      },
      "dependencies": {
        "p-limit": {
          "version": "2.3.0",
          "resolved": "https://registry.nlark.com/p-limit/download/p-limit-2.3.0.tgz?cache=0&sync_timestamp=1628812721654&other_urls=https%3A%2F%2Fregistry.nlark.com%2Fp-limit%2Fdownload%2Fp-limit-2.3.0.tgz",
          "integrity": "sha1-PdM8ZHohT9//2DWTPrCG2g3CHbE=",
          "dev": true,
          "requires": {
            "p-try": "^2.0.0"
          }
        }
      }
    },
    "p-try": {
      "version": "2.2.0",
      "resolved": "https://registry.npmmirror.com/p-try/download/p-try-2.2.0.tgz?cache=0&sync_timestamp=1633364397780&other_urls=https%3A%2F%2Fregistry.npmmirror.com%2Fp-try%2Fdownload%2Fp-try-2.2.0.tgz",
      "integrity": "sha1-yyhoVA4xPWHeWPr741zpAE1VQOY=",
      "dev": true
    },
    "path-exists": {
      "version": "4.0.0",
      "resolved": "https://registry.nlark.com/path-exists/download/path-exists-4.0.0.tgz",
      "integrity": "sha1-UTvb4tO5XXdi6METfvoZXGxhtbM=",
      "dev": true
    },
    "path-key": {
      "version": "3.1.1",
      "resolved": "https://registry.npm.taobao.org/path-key/download/path-key-3.1.1.tgz?cache=0&sync_timestamp=1617971695678&other_urls=https%3A%2F%2Fregistry.npm.taobao.org%2Fpath-key%2Fdownload%2Fpath-key-3.1.1.tgz",
      "integrity": "sha1-WB9q3mWMu6ZaDTOA3ndTKVBU83U=",
      "dev": true
    },
    "path-parse": {
      "version": "1.0.7",
      "resolved": "https://registry.nlark.com/path-parse/download/path-parse-1.0.7.tgz",
      "integrity": "sha1-+8EUtgykKzDZ2vWFjkvWi77bZzU=",
      "dev": true
    },
    "picocolors": {
      "version": "1.0.0",
      "resolved": "https://registry.npmmirror.com/picocolors/download/picocolors-1.0.0.tgz?cache=0&sync_timestamp=1634093339035&other_urls=https%3A%2F%2Fregistry.npmmirror.com%2Fpicocolors%2Fdownload%2Fpicocolors-1.0.0.tgz",
      "integrity": "sha1-y1vcdP8/UYkiNur3nWi8RFZKuBw=",
      "dev": true
    },
    "pkg-dir": {
      "version": "4.2.0",
      "resolved": "https://registry.npmmirror.com/pkg-dir/download/pkg-dir-4.2.0.tgz",
      "integrity": "sha1-8JkTPfft5CLoHR2ESCcO6z5CYfM=",
      "dev": true,
      "requires": {
        "find-up": "^4.0.0"
      }
    },
    "punycode": {
      "version": "2.1.1",
      "resolved": "https://registry.nlark.com/punycode/download/punycode-2.1.1.tgz",
      "integrity": "sha1-tYsBCsQMIsVldhbI0sLALHv0eew=",
      "dev": true
    },
    "randombytes": {
      "version": "2.1.0",
      "resolved": "https://registry.npm.taobao.org/randombytes/download/randombytes-2.1.0.tgz",
      "integrity": "sha1-32+ENy8CcNxlzfYpE0mrekc9Tyo=",
      "dev": true,
      "requires": {
        "safe-buffer": "^5.1.0"
      }
    },
    "rechoir": {
      "version": "0.7.1",
      "resolved": "https://registry.nlark.com/rechoir/download/rechoir-0.7.1.tgz?cache=0&sync_timestamp=1627101702123&other_urls=https%3A%2F%2Fregistry.nlark.com%2Frechoir%2Fdownload%2Frechoir-0.7.1.tgz",
      "integrity": "sha1-lHipahyhNbXoj8An8D7pLWxkVoY=",
      "dev": true,
      "requires": {
        "resolve": "^1.9.0"
      }
    },
    "resolve": {
      "version": "1.20.0",
      "resolved": "https://registry.npm.taobao.org/resolve/download/resolve-1.20.0.tgz?cache=0&sync_timestamp=1613054822645&other_urls=https%3A%2F%2Fregistry.npm.taobao.org%2Fresolve%2Fdownload%2Fresolve-1.20.0.tgz",
      "integrity": "sha1-YpoBP7P3B1XW8LeTXMHCxTeLGXU=",
      "dev": true,
      "requires": {
        "is-core-module": "^2.2.0",
        "path-parse": "^1.0.6"
      }
    },
    "resolve-cwd": {
      "version": "3.0.0",
      "resolved": "https://registry.nlark.com/resolve-cwd/download/resolve-cwd-3.0.0.tgz",
      "integrity": "sha1-DwB18bslRHZs9zumpuKt/ryxPy0=",
      "dev": true,
      "requires": {
        "resolve-from": "^5.0.0"
      }
    },
    "resolve-from": {
      "version": "5.0.0",
      "resolved": "https://registry.npm.taobao.org/resolve-from/download/resolve-from-5.0.0.tgz",
      "integrity": "sha1-w1IlhD3493bfIcV1V7wIfp39/Gk=",
      "dev": true
    },
    "safe-buffer": {
      "version": "5.2.1",
      "resolved": "https://registry.npm.taobao.org/safe-buffer/download/safe-buffer-5.2.1.tgz?cache=0&sync_timestamp=1599054209520&other_urls=https%3A%2F%2Fregistry.npm.taobao.org%2Fsafe-buffer%2Fdownload%2Fsafe-buffer-5.2.1.tgz",
      "integrity": "sha1-Hq+fqb2x/dTsdfWPnNtOa3gn7sY=",
      "dev": true
    },
    "schema-utils": {
      "version": "3.1.1",
      "resolved": "https://registry.nlark.com/schema-utils/download/schema-utils-3.1.1.tgz?cache=0&sync_timestamp=1626694740261&other_urls=https%3A%2F%2Fregistry.nlark.com%2Fschema-utils%2Fdownload%2Fschema-utils-3.1.1.tgz",
      "integrity": "sha1-vHTEtraZXB2I92qLd76nIZ4MgoE=",
      "dev": true,
      "requires": {
        "@types/json-schema": "^7.0.8",
        "ajv": "^6.12.5",
        "ajv-keywords": "^3.5.2"
      }
    },
    "serialize-javascript": {
      "version": "6.0.0",
      "resolved": "https://registry.nlark.com/serialize-javascript/download/serialize-javascript-6.0.0.tgz",
      "integrity": "sha1-765diPRdeSQUHai1w6en5mP+/rg=",
      "dev": true,
      "requires": {
        "randombytes": "^2.1.0"
      }
    },
    "shallow-clone": {
      "version": "3.0.1",
      "resolved": "https://registry.npm.taobao.org/shallow-clone/download/shallow-clone-3.0.1.tgz",
      "integrity": "sha1-jymBrZJTH1UDWwH7IwdppA4C76M=",
      "dev": true,
      "requires": {
        "kind-of": "^6.0.2"
      }
    },
    "shebang-command": {
      "version": "2.0.0",
      "resolved": "https://registry.npm.taobao.org/shebang-command/download/shebang-command-2.0.0.tgz",
      "integrity": "sha1-zNCvT4g1+9wmW4JGGq8MNmY/NOo=",
      "dev": true,
      "requires": {
        "shebang-regex": "^3.0.0"
      }
    },
    "shebang-regex": {
      "version": "3.0.0",
      "resolved": "https://registry.nlark.com/shebang-regex/download/shebang-regex-3.0.0.tgz?cache=0&sync_timestamp=1628896299850&other_urls=https%3A%2F%2Fregistry.nlark.com%2Fshebang-regex%2Fdownload%2Fshebang-regex-3.0.0.tgz",
      "integrity": "sha1-rhbxZE2HPsrYQ7AwexQzYtTEIXI=",
      "dev": true
    },
    "signal-exit": {
      "version": "3.0.5",
      "resolved": "https://registry.npmmirror.com/signal-exit/download/signal-exit-3.0.5.tgz",
      "integrity": "sha1-nj6MwMdamUcrRDIQM6dwLnc4JS8=",
      "dev": true
    },
    "source-map": {
      "version": "0.6.1",
      "resolved": "https://registry.npm.taobao.org/source-map/download/source-map-0.6.1.tgz?cache=0&sync_timestamp=1589682764497&other_urls=https%3A%2F%2Fregistry.npm.taobao.org%2Fsource-map%2Fdownload%2Fsource-map-0.6.1.tgz",
      "integrity": "sha1-dHIq8y6WFOnCh6jQu95IteLxomM=",
      "dev": true
    },
    "source-map-support": {
      "version": "0.5.20",
      "resolved": "https://registry.nlark.com/source-map-support/download/source-map-support-0.5.20.tgz",
      "integrity": "sha1-EhZgifj15ejFaSazd2Mzkt0stsk=",
      "dev": true,
      "requires": {
        "buffer-from": "^1.0.0",
        "source-map": "^0.6.0"
      }
    },
    "strip-final-newline": {
      "version": "2.0.0",
      "resolved": "https://registry.nlark.com/strip-final-newline/download/strip-final-newline-2.0.0.tgz?cache=0&sync_timestamp=1620046435959&other_urls=https%3A%2F%2Fregistry.nlark.com%2Fstrip-final-newline%2Fdownload%2Fstrip-final-newline-2.0.0.tgz",
      "integrity": "sha1-ibhS+y/L6Tb29LMYevsKEsGrWK0=",
      "dev": true
    },
    "supports-color": {
      "version": "8.1.1",
      "resolved": "https://registry.nlark.com/supports-color/download/supports-color-8.1.1.tgz?cache=0&sync_timestamp=1626703414084&other_urls=https%3A%2F%2Fregistry.nlark.com%2Fsupports-color%2Fdownload%2Fsupports-color-8.1.1.tgz",
      "integrity": "sha1-zW/BfihQDP9WwbhsCn/UpUpzAFw=",
      "dev": true,
      "requires": {
        "has-flag": "^4.0.0"
      }
    },
    "tapable": {
      "version": "2.2.1",
      "resolved": "https://registry.nlark.com/tapable/download/tapable-2.2.1.tgz?cache=0&sync_timestamp=1631526982870&other_urls=https%3A%2F%2Fregistry.nlark.com%2Ftapable%2Fdownload%2Ftapable-2.2.1.tgz",
      "integrity": "sha1-GWenPvQGCoLxKrlq+G1S/bdu7KA=",
      "dev": true
    },
    "terser": {
      "version": "5.9.0",
      "resolved": "https://registry.nlark.com/terser/download/terser-5.9.0.tgz",
      "integrity": "sha1-R9bmKaUiljJA8rVfyqPJkIPSw1E=",
      "dev": true,
      "requires": {
        "commander": "^2.20.0",
        "source-map": "~0.7.2",
        "source-map-support": "~0.5.20"
      },
      "dependencies": {
        "source-map": {
          "version": "0.7.3",
          "resolved": "https://registry.npm.taobao.org/source-map/download/source-map-0.7.3.tgz?cache=0&sync_timestamp=1589682764497&other_urls=https%3A%2F%2Fregistry.npm.taobao.org%2Fsource-map%2Fdownload%2Fsource-map-0.7.3.tgz",
          "integrity": "sha1-UwL4FpAxc1ImVECS5kmB91F1A4M=",
          "dev": true
        }
      }
    },
    "terser-webpack-plugin": {
      "version": "5.2.4",
      "resolved": "https://registry.nlark.com/terser-webpack-plugin/download/terser-webpack-plugin-5.2.4.tgz",
      "integrity": "sha1-rRvnY5scvj6kn6uZXL5yJLMXR6E=",
      "dev": true,
      "requires": {
        "jest-worker": "^27.0.6",
        "p-limit": "^3.1.0",
        "schema-utils": "^3.1.1",
        "serialize-javascript": "^6.0.0",
        "source-map": "^0.6.1",
        "terser": "^5.7.2"
      }
    },
    "uri-js": {
      "version": "4.4.1",
      "resolved": "https://registry.nlark.com/uri-js/download/uri-js-4.4.1.tgz",
      "integrity": "sha1-mxpSWVIlhZ5V9mnZKPiMbFfyp34=",
      "dev": true,
      "requires": {
        "punycode": "^2.1.0"
      }
    },
    "watchpack": {
      "version": "2.2.0",
      "resolved": "https://registry.nlark.com/watchpack/download/watchpack-2.2.0.tgz?cache=0&sync_timestamp=1621437868630&other_urls=https%3A%2F%2Fregistry.nlark.com%2Fwatchpack%2Fdownload%2Fwatchpack-2.2.0.tgz",
      "integrity": "sha1-R9ePVBX+VQ7NdA+Z/iiCMjpYsc4=",
      "dev": true,
      "requires": {
        "glob-to-regexp": "^0.4.1",
        "graceful-fs": "^4.1.2"
      }
    },
    "webpack": {
      "version": "5.59.0",
      "resolved": "https://registry.npmmirror.com/webpack/download/webpack-5.59.0.tgz?cache=0&sync_timestamp=1634666130689&other_urls=https%3A%2F%2Fregistry.npmmirror.com%2Fwebpack%2Fdownload%2Fwebpack-5.59.0.tgz",
      "integrity": "sha1-pQOPwNTZNQ7lKOfh4CgggMY+/PU=",
      "dev": true,
      "requires": {
        "@types/eslint-scope": "^3.7.0",
        "@types/estree": "^0.0.50",
        "@webassemblyjs/ast": "1.11.1",
        "@webassemblyjs/wasm-edit": "1.11.1",
        "@webassemblyjs/wasm-parser": "1.11.1",
        "acorn": "^8.4.1",
        "acorn-import-assertions": "^1.7.6",
        "browserslist": "^4.14.5",
        "chrome-trace-event": "^1.0.2",
        "enhanced-resolve": "^5.8.3",
        "es-module-lexer": "^0.9.0",
        "eslint-scope": "5.1.1",
        "events": "^3.2.0",
        "glob-to-regexp": "^0.4.1",
        "graceful-fs": "^4.2.4",
        "json-parse-better-errors": "^1.0.2",
        "loader-runner": "^4.2.0",
        "mime-types": "^2.1.27",
        "neo-async": "^2.6.2",
        "schema-utils": "^3.1.0",
        "tapable": "^2.1.1",
        "terser-webpack-plugin": "^5.1.3",
        "watchpack": "^2.2.0",
        "webpack-sources": "^3.2.0"
      }
    },
    "webpack-cli": {
      "version": "4.9.1",
      "resolved": "https://registry.npmmirror.com/webpack-cli/download/webpack-cli-4.9.1.tgz?cache=0&sync_timestamp=1634556166566&other_urls=https%3A%2F%2Fregistry.npmmirror.com%2Fwebpack-cli%2Fdownload%2Fwebpack-cli-4.9.1.tgz",
      "integrity": "sha1-tkvoJeLRsTDyhcMUyqOxuppGMrM=",
      "dev": true,
      "requires": {
        "@discoveryjs/json-ext": "^0.5.0",
        "@webpack-cli/configtest": "^1.1.0",
        "@webpack-cli/info": "^1.4.0",
        "@webpack-cli/serve": "^1.6.0",
        "colorette": "^2.0.14",
        "commander": "^7.0.0",
        "execa": "^5.0.0",
        "fastest-levenshtein": "^1.0.12",
        "import-local": "^3.0.2",
        "interpret": "^2.2.0",
        "rechoir": "^0.7.0",
        "webpack-merge": "^5.7.3"
      },
      "dependencies": {
        "commander": {
          "version": "7.2.0",
          "resolved": "https://registry.nlark.com/commander/download/commander-7.2.0.tgz",
          "integrity": "sha1-o2y1fQtQHOEI5NIFWaFQo5HZerc=",
          "dev": true
        }
      }
    },
    "webpack-merge": {
      "version": "5.8.0",
      "resolved": "https://registry.nlark.com/webpack-merge/download/webpack-merge-5.8.0.tgz",
      "integrity": "sha1-Kznb8ir4d3atdEw5AiNzHTCmj2E=",
      "dev": true,
      "requires": {
        "clone-deep": "^4.0.1",
        "wildcard": "^2.0.0"
      }
    },
    "webpack-sources": {
      "version": "3.2.1",
      "resolved": "https://registry.nlark.com/webpack-sources/download/webpack-sources-3.2.1.tgz",
      "integrity": "sha1-JRp9lyDXWtoUacoH27YvNkGgW20=",
      "dev": true
    },
    "which": {
      "version": "2.0.2",
      "resolved": "https://registry.nlark.com/which/download/which-2.0.2.tgz",
      "integrity": "sha1-fGqN0KY2oDJ+ELWckobu6T8/UbE=",
      "dev": true,
      "requires": {
        "isexe": "^2.0.0"
      }
    },
    "wildcard": {
      "version": "2.0.0",
      "resolved": "https://registry.nlark.com/wildcard/download/wildcard-2.0.0.tgz",
      "integrity": "sha1-p30g5SAMb6qsl55LOq3Hs91/j+w=",
      "dev": true
    },
    "yocto-queue": {
      "version": "0.1.0",
      "resolved": "https://registry.nlark.com/yocto-queue/download/yocto-queue-0.1.0.tgz",
      "integrity": "sha1-ApTrPe4FAo0x7hpfosVWpqrxChs=",
      "dev": true
    }
  }
}
